{
  "nodes": {
    "home-manager": {
      "inputs": {
        "nixpkgs": [
          "nixpkgs"
        ]
      },
      "locked": {
        "lastModified": 1786887553,
        "narHash": "sha256-0J8EwNSJ/2OeyuvXgfG+k5uBT1gkg0ww7VEo+14xl50=",
        "owner": "nix-community",
        "repo": "home-manager",
        "rev": "5bd505963717a894b02a57cdbcc00db28d9b029f",
        "type": "github"
      },
      "original": {
        "owner": "nix-community",
        "repo": "home-manager",
        "type": "github"
      }
    },
    "my-nvchad-config": {
      "flake": false,
      "locked": {
        "path": "./nvim",
        "type": "path"
      },
      "original": {
        "path": "./nvim",
        "type": "path"
      },
      "parent": []
    },
    "nix4nvchad": {
      "inputs": {
        "nixpkgs": [
          "nixpkgs"
        ],
        "nvchad-starter": [
          "my-nvchad-config"
        ]
      },
      "locked": {
        "lastModified": 1786797655,
        "narHash": "sha256-qAWI5Vf0xaRmb8/l9XWYrvEgrIaqKBv8Dg81JO7wkrY=",
        "owner": "nix-community",
        "repo": "nix4nvchad",
        "rev": "b878640ae13c8f70f41aa1159234206051a4378c",
        "type": "github"
      },
      "original": {
        "owner": "nix-community",
        "repo": "nix4nvchad",
        "type": "github"
      }
    },
    "nixpkgs": {
      "locked": {
        "lastModified": 1786719841,
        "narHash": "sha256-QcpQOT0NQEFkI77t+YXPZqDJc35iIodG7zinieOwFUg=",
        "owner": "nixos",
        "repo": "nixpkgs",
        "rev": "8be7bd0c83f12e2e3bbba07c9044d6fed9e66f7f",
        "type": "github"
      },
      "original": {
        "owner": "nixos",
        "ref": "nixpkgs-unstable",
        "repo": "nixpkgs",
        "type": "github"
      }
    },
    "root": {
      "inputs": {
        "home-manager": "home-manager",
        "my-nvchad-config": "my-nvchad-config",
        "nix4nvchad": "nix4nvchad",
        "nixpkgs": "nixpkgs"
      }
    }
  },
  "root": "root",
  "version": 7
}
